
Microsoft Visual Studio Solution File, Format Version 12.00
# Visual Studio 15
Project("{FAE04EC0-301F-11D3-BF4B-00C04F79EFBC}") = "FirebaseStorageProject.Android", "FirebaseStorageProject.Android\FirebaseStorageProject.Android.csproj", "{4F496B2E-8F9A-4B79-B743-B2D7BFC0706F}"
EndProject
Project("{FAE04EC0-301F-11D3-BF4B-00C04F79EFBC}") = "FirebaseStorageProject.iOS", "FirebaseStorageProject.iOS\FirebaseStorageProject.iOS.csproj", "{74DC1EAF-7D47-4422-929C-C7EC3C264D4D}"
EndProject
Project("{FAE04EC0-301F-11D3-BF4B-00C04F79EFBC}") = "FirebaseStorageProject", "FirebaseStorageProject\FirebaseStorageProject.csproj", "{FABAEAE4-6225-48D7-A8A2-2E554CDAF4C9}"
EndProject
Global
	GlobalSection(SolutionConfigurationPlatforms) = preSolution
		Debug|Any CPU = Debug|Any CPU
		Release|Any CPU = Release|Any CPU
		Debug|iPhoneSimulator = Debug|iPhoneSimulator
		Release|iPhoneSimulator = Release|iPhoneSimulator
		Debug|iPhone = Debug|iPhone
		Release|iPhone = Release|iPhone
	EndGlobalSection
	GlobalSection(ProjectConfigurationPlatforms) = postSolution
		{4F496B2E-8F9A-4B79-B743-B2D7BFC0706F}.Debug|Any CPU.ActiveCfg = Debug|Any CPU
		{4F496B2E-8F9A-4B79-B743-B2D7BFC0706F}.Debug|Any CPU.Build.0 = Debug|Any CPU
		{4F496B2E-8F9A-4B79-B743-B2D7BFC0706F}.Release|Any CPU.ActiveCfg = Release|Any CPU
		{4F496B2E-8F9A-4B79-B743-B2D7BFC0706F}.Release|Any CPU.Build.0 = Release|Any CPU
		{4F496B2E-8F9A-4B79-B743-B2D7BFC0706F}.Debug|iPhoneSimulator.ActiveCfg = Debug|Any CPU
		{4F496B2E-8F9A-4B79-B743-B2D7BFC0706F}.Debug|iPhoneSimulator.Build.0 = Debug|Any CPU
		{4F496B2E-8F9A-4B79-B743-B2D7BFC0706F}.Release|iPhoneSimulator.ActiveCfg = Release|Any CPU
		{4F496B2E-8F9A-4B79-B743-B2D7BFC0706F}.Release|iPhoneSimulator.Build.0 = Release|Any CPU
		{4F496B2E-8F9A-4B79-B743-B2D7BFC0706F}.Debug|iPhone.ActiveCfg = Debug|Any CPU
		{4F496B2E-8F9A-4B79-B743-B2D7BFC0706F}.Debug|iPhone.Build.0 = Debug|Any CPU
		{4F496B2E-8F9A-4B79-B743-B2D7BFC0706F}.Release|iPhone.ActiveCfg = Release|Any CPU
		{4F496B2E-8F9A-4B79-B743-B2D7BFC0706F}.Release|iPhone.Build.0 = Release|Any CPU
		{74DC1EAF-7D47-4422-929C-C7EC3C264D4D}.Debug|Any CPU.ActiveCfg = Debug|iPhoneSimulator
		{74DC1EAF-7D47-4422-929C-C7EC3C264D4D}.Debug|Any CPU.Build.0 = Debug|iPhoneSimulator
		{74DC1EAF-7D47-4422-929C-C7EC3C264D4D}.Release|Any CPU.ActiveCfg = Release|iPhoneSimulator
		{74DC1EAF-7D47-4422-929C-C7EC3C264D4D}.Release|Any CPU.Build.0 = Release|iPhoneSimulator
		{74DC1EAF-7D47-4422-929C-C7EC3C264D4D}.Debug|iPhoneSimulator.ActiveCfg = Debug|iPhoneSimulator
		{74DC1EAF-7D47-4422-929C-C7EC3C264D4D}.Debug|iPhoneSimulator.Build.0 = Debug|iPhoneSimulator
		{74DC1EAF-7D47-4422-929C-C7EC3C264D4D}.Release|iPhoneSimulator.ActiveCfg = Release|iPhoneSimulator
		{74DC1EAF-7D47-4422-929C-C7EC3C264D4D}.Release|iPhoneSimulator.Build.0 = Release|iPhoneSimulator
		{74DC1EAF-7D47-4422-929C-C7EC3C264D4D}.Debug|iPhone.ActiveCfg = Debug|iPhone
		{74DC1EAF-7D47-4422-929C-C7EC3C264D4D}.Debug|iPhone.Build.0 = Debug|iPhone
		{74DC1EAF-7D47-4422-929C-C7EC3C264D4D}.Release|iPhone.ActiveCfg = Release|iPhone
		{74DC1EAF-7D47-4422-929C-C7EC3C264D4D}.Release|iPhone.Build.0 = Release|iPhone
		{FABAEAE4-6225-48D7-A8A2-2E554CDAF4C9}.Debug|Any CPU.ActiveCfg = Debug|Any CPU
		{FABAEAE4-6225-48D7-A8A2-2E554CDAF4C9}.Debug|Any CPU.Build.0 = Debug|Any CPU
		{FABAEAE4-6225-48D7-A8A2-2E554CDAF4C9}.Release|Any CPU.ActiveCfg = Release|Any CPU
		{FABAEAE4-6225-48D7-A8A2-2E554CDAF4C9}.Release|Any CPU.Build.0 = Release|Any CPU
		{FABAEAE4-6225-48D7-A8A2-2E554CDAF4C9}.Debug|iPhoneSimulator.ActiveCfg = Debug|Any CPU
		{FABAEAE4-6225-48D7-A8A2-2E554CDAF4C9}.Debug|iPhoneSimulator.Build.0 = Debug|Any CPU
		{FABAEAE4-6225-48D7-A8A2-2E554CDAF4C9}.Release|iPhoneSimulator.ActiveCfg = Release|Any CPU
		{FABAEAE4-6225-48D7-A8A2-2E554CDAF4C9}.Release|iPhoneSimulator.Build.0 = Release|Any CPU
		{FABAEAE4-6225-48D7-A8A2-2E554CDAF4C9}.Debug|iPhone.ActiveCfg = Debug|Any CPU
		{FABAEAE4-6225-48D7-A8A2-2E554CDAF4C9}.Debug|iPhone.Build.0 = Debug|Any CPU
		{FABAEAE4-6225-48D7-A8A2-2E554CDAF4C9}.Release|iPhone.ActiveCfg = Release|Any CPU
		{FABAEAE4-6225-48D7-A8A2-2E554CDAF4C9}.Release|iPhone.Build.0 = Release|Any CPU
	EndGlobalSection
EndGlobal
